// !$*UTF8*$!
{
	archiveVersion = 1;
	classes = {
	};
	objectVersion = 50;
	objects = {

/* Begin PBXBuildFile section */
		31186E3221797FE700EE9027 /* joinOrderController.swift in Sources */ = {isa = PBXBuildFile; fileRef = 31186E3121797FE700EE9027 /* joinOrderController.swift */; };
		3C6827DEE052EE21508D45BA /* Pods_cmu_share.framework in Frameworks */ = {isa = PBXBuildFile; fileRef = 60EA678F1FD8696F207DB899 /* Pods_cmu_share.framework */; };
		4701E7CACCB94B0ECB93929D /* Pods_cmu_shareTests.framework in Frameworks */ = {isa = PBXBuildFile; fileRef = D17C3B1CB143D87A3C640C9A /* Pods_cmu_shareTests.framework */; };
		5210C1DD217424660028AC81 /* User.swift in Sources */ = {isa = PBXBuildFile; fileRef = 5210C1DC217424660028AC81 /* User.swift */; };
		52380209216559EB00F15C44 /* signUpController.swift in Sources */ = {isa = PBXBuildFile; fileRef = 52380208216559EB00F15C44 /* signUpController.swift */; };
		526B5E94216D572E004B6DD4 /* profileController.swift in Sources */ = {isa = PBXBuildFile; fileRef = 526B5E93216D572E004B6DD4 /* profileController.swift */; };
		52868DB9DA50BE761E84528C /* Pods_cmu_shareUITests.framework in Frameworks */ = {isa = PBXBuildFile; fileRef = FF6C2B54F76C4A55F9E08439 /* Pods_cmu_shareUITests.framework */; };
		52A2D907217BFCE700176A65 /* CreateTableViewCell.swift in Sources */ = {isa = PBXBuildFile; fileRef = 52A2D903217BFCE700176A65 /* CreateTableViewCell.swift */; };
		52A2D908217BFCE700176A65 /* JoinTableViewCell.swift in Sources */ = {isa = PBXBuildFile; fileRef = 52A2D904217BFCE700176A65 /* JoinTableViewCell.swift */; };
		52A2D909217BFCE700176A65 /* CreateTableViewCell.xib in Resources */ = {isa = PBXBuildFile; fileRef = 52A2D905217BFCE700176A65 /* CreateTableViewCell.xib */; };
		52A2D90A217BFCE700176A65 /* JoinTableViewCell.xib in Resources */ = {isa = PBXBuildFile; fileRef = 52A2D906217BFCE700176A65 /* JoinTableViewCell.xib */; };
		52A2D90C217C021A00176A65 /* OrdersController.swift in Sources */ = {isa = PBXBuildFile; fileRef = 52A2D90B217C021A00176A65 /* OrdersController.swift */; };
		52D185E6217E97C1000894B9 /* OrderDetailController.swift in Sources */ = {isa = PBXBuildFile; fileRef = 52D185E5217E97C1000894B9 /* OrderDetailController.swift */; };
		52DC3EED217407C800DF8D1A /* createOrderController.swift in Sources */ = {isa = PBXBuildFile; fileRef = 52DC3EEC217407C800DF8D1A /* createOrderController.swift */; };
		52DC3EF121740AFF00DF8D1A /* feedController.swift in Sources */ = {isa = PBXBuildFile; fileRef = 52DC3EF021740AFF00DF8D1A /* feedController.swift */; };
		623C6E3E21656CA90099C1F9 /* GoogleService-Info.plist in Resources */ = {isa = PBXBuildFile; fileRef = 623C6E3D21656CA90099C1F9 /* GoogleService-Info.plist */; };
		6278DBCE2162D66200D75581 /* AppDelegate.swift in Sources */ = {isa = PBXBuildFile; fileRef = 6278DBCD2162D66200D75581 /* AppDelegate.swift */; };
		6278DBD02162D66200D75581 /* ViewController.swift in Sources */ = {isa = PBXBuildFile; fileRef = 6278DBCF2162D66200D75581 /* ViewController.swift */; };
		6278DBD32162D66200D75581 /* Main.storyboard in Resources */ = {isa = PBXBuildFile; fileRef = 6278DBD12162D66200D75581 /* Main.storyboard */; };
		6278DBD52162D66300D75581 /* Assets.xcassets in Resources */ = {isa = PBXBuildFile; fileRef = 6278DBD42162D66300D75581 /* Assets.xcassets */; };
		6278DBD82162D66300D75581 /* LaunchScreen.storyboard in Resources */ = {isa = PBXBuildFile; fileRef = 6278DBD62162D66300D75581 /* LaunchScreen.storyboard */; };
		6278DBE32162D66300D75581 /* cmu_shareTests.swift in Sources */ = {isa = PBXBuildFile; fileRef = 6278DBE22162D66300D75581 /* cmu_shareTests.swift */; };
		6278DBEE2162D66300D75581 /* cmu_shareUITests.swift in Sources */ = {isa = PBXBuildFile; fileRef = 6278DBED2162D66300D75581 /* cmu_shareUITests.swift */; };
		6299AB41216964C700749972 /* RealtimeDBViewController.swift in Sources */ = {isa = PBXBuildFile; fileRef = 6299AB40216964C700749972 /* RealtimeDBViewController.swift */; };
		62A62A752176AEA90080227B /* FeedTableViewCell.swift in Sources */ = {isa = PBXBuildFile; fileRef = 62A62A732176AEA90080227B /* FeedTableViewCell.swift */; };
		62A62A762176AEA90080227B /* FeedTableViewCell.xib in Resources */ = {isa = PBXBuildFile; fileRef = 62A62A742176AEA90080227B /* FeedTableViewCell.xib */; };
		62C49E02216971C50063E091 /* Order.swift in Sources */ = {isa = PBXBuildFile; fileRef = 62C49E01216971C50063E091 /* Order.swift */; };
		62C49E042169735D0063E091 /* RealtimeDBTableViewCell.swift in Sources */ = {isa = PBXBuildFile; fileRef = 62C49E032169735D0063E091 /* RealtimeDBTableViewCell.swift */; };
		62F1C683217CF65C001FEBD3 /* JoinOrder.swift in Sources */ = {isa = PBXBuildFile; fileRef = 62F1C682217CF65C001FEBD3 /* JoinOrder.swift */; };
/* End PBXBuildFile section */

/* Begin PBXContainerItemProxy section */
		6278DBDF2162D66300D75581 /* PBXContainerItemProxy */ = {
			isa = PBXContainerItemProxy;
			containerPortal = 6278DBC22162D66200D75581 /* Project object */;
			proxyType = 1;
			remoteGlobalIDString = 6278DBC92162D66200D75581;
			remoteInfo = "cmu-share";
		};
		6278DBEA2162D66300D75581 /* PBXContainerItemProxy */ = {
			isa = PBXContainerItemProxy;
			containerPortal = 6278DBC22162D66200D75581 /* Project object */;
			proxyType = 1;
			remoteGlobalIDString = 6278DBC92162D66200D75581;
			remoteInfo = "cmu-share";
		};
/* End PBXContainerItemProxy section */

/* Begin PBXFileReference section */
		18903EA2711F0BA9929BC929 /* Pods-cmu-shareUITests.debug.xcconfig */ = {isa = PBXFileReference; includeInIndex = 1; lastKnownFileType = text.xcconfig; name = "Pods-cmu-shareUITests.debug.xcconfig"; path = "Pods/Target Support Files/Pods-cmu-shareUITests/Pods-cmu-shareUITests.debug.xcconfig"; sourceTree = "<group>"; };
		31186E3121797FE700EE9027 /* joinOrderController.swift */ = {isa = PBXFileReference; lastKnownFileType = sourcecode.swift; path = joinOrderController.swift; sourceTree = "<group>"; };
		50A392C103AC9ECB6E1588B3 /* Pods-cmu-share.debug.xcconfig */ = {isa = PBXFileReference; includeInIndex = 1; lastKnownFileType = text.xcconfig; name = "Pods-cmu-share.debug.xcconfig"; path = "Pods/Target Support Files/Pods-cmu-share/Pods-cmu-share.debug.xcconfig"; sourceTree = "<group>"; };
		5210C1DC217424660028AC81 /* User.swift */ = {isa = PBXFileReference; lastKnownFileType = sourcecode.swift; path = User.swift; sourceTree = "<group>"; };
		52380208216559EB00F15C44 /* signUpController.swift */ = {isa = PBXFileReference; lastKnownFileType = sourcecode.swift; path = signUpController.swift; sourceTree = "<group>"; };
		526B5E93216D572E004B6DD4 /* profileController.swift */ = {isa = PBXFileReference; lastKnownFileType = sourcecode.swift; path = profileController.swift; sourceTree = "<group>"; };
		52A2D903217BFCE700176A65 /* CreateTableViewCell.swift */ = {isa = PBXFileReference; fileEncoding = 4; lastKnownFileType = sourcecode.swift; path = CreateTableViewCell.swift; sourceTree = "<group>"; };
		52A2D904217BFCE700176A65 /* JoinTableViewCell.swift */ = {isa = PBXFileReference; fileEncoding = 4; lastKnownFileType = sourcecode.swift; path = JoinTableViewCell.swift; sourceTree = "<group>"; };
		52A2D905217BFCE700176A65 /* CreateTableViewCell.xib */ = {isa = PBXFileReference; fileEncoding = 4; lastKnownFileType = file.xib; path = CreateTableViewCell.xib; sourceTree = "<group>"; };
		52A2D906217BFCE700176A65 /* JoinTableViewCell.xib */ = {isa = PBXFileReference; fileEncoding = 4; lastKnownFileType = file.xib; path = JoinTableViewCell.xib; sourceTree = "<group>"; };
		52A2D90B217C021A00176A65 /* OrdersController.swift */ = {isa = PBXFileReference; fileEncoding = 4; lastKnownFileType = sourcecode.swift; path = OrdersController.swift; sourceTree = "<group>"; };
		52D185E5217E97C1000894B9 /* OrderDetailController.swift */ = {isa = PBXFileReference; lastKnownFileType = sourcecode.swift; path = OrderDetailController.swift; sourceTree = "<group>"; };
		52DC3EEC217407C800DF8D1A /* createOrderController.swift */ = {isa = PBXFileReference; lastKnownFileType = sourcecode.swift; path = createOrderController.swift; sourceTree = "<group>"; };
		52DC3EF021740AFF00DF8D1A /* feedController.swift */ = {isa = PBXFileReference; lastKnownFileType = sourcecode.swift; path = feedController.swift; sourceTree = "<group>"; };
		60EA678F1FD8696F207DB899 /* Pods_cmu_share.framework */ = {isa = PBXFileReference; explicitFileType = wrapper.framework; includeInIndex = 0; path = Pods_cmu_share.framework; sourceTree = BUILT_PRODUCTS_DIR; };
		623C6E3D21656CA90099C1F9 /* GoogleService-Info.plist */ = {isa = PBXFileReference; fileEncoding = 4; lastKnownFileType = text.plist.xml; path = "GoogleService-Info.plist"; sourceTree = "<group>"; };
		6278DBCA2162D66200D75581 /* cmu-share.app */ = {isa = PBXFileReference; explicitFileType = wrapper.application; includeInIndex = 0; path = "cmu-share.app"; sourceTree = BUILT_PRODUCTS_DIR; };
		6278DBCD2162D66200D75581 /* AppDelegate.swift */ = {isa = PBXFileReference; lastKnownFileType = sourcecode.swift; path = AppDelegate.swift; sourceTree = "<group>"; };
		6278DBCF2162D66200D75581 /* ViewController.swift */ = {isa = PBXFileReference; lastKnownFileType = sourcecode.swift; path = ViewController.swift; sourceTree = "<group>"; };
		6278DBD22162D66200D75581 /* Base */ = {isa = PBXFileReference; lastKnownFileType = file.storyboard; name = Base; path = Base.lproj/Main.storyboard; sourceTree = "<group>"; };
		6278DBD42162D66300D75581 /* Assets.xcassets */ = {isa = PBXFileReference; lastKnownFileType = folder.assetcatalog; path = Assets.xcassets; sourceTree = "<group>"; };
		6278DBD72162D66300D75581 /* Base */ = {isa = PBXFileReference; lastKnownFileType = file.storyboard; name = Base; path = Base.lproj/LaunchScreen.storyboard; sourceTree = "<group>"; };
		6278DBD92162D66300D75581 /* Info.plist */ = {isa = PBXFileReference; lastKnownFileType = text.plist.xml; path = Info.plist; sourceTree = "<group>"; };
		6278DBDE2162D66300D75581 /* cmu-shareTests.xctest */ = {isa = PBXFileReference; explicitFileType = wrapper.cfbundle; includeInIndex = 0; path = "cmu-shareTests.xctest"; sourceTree = BUILT_PRODUCTS_DIR; };
		6278DBE22162D66300D75581 /* cmu_shareTests.swift */ = {isa = PBXFileReference; lastKnownFileType = sourcecode.swift; path = cmu_shareTests.swift; sourceTree = "<group>"; };
		6278DBE42162D66300D75581 /* Info.plist */ = {isa = PBXFileReference; lastKnownFileType = text.plist.xml; path = Info.plist; sourceTree = "<group>"; };
		6278DBE92162D66300D75581 /* cmu-shareUITests.xctest */ = {isa = PBXFileReference; explicitFileType = wrapper.cfbundle; includeInIndex = 0; path = "cmu-shareUITests.xctest"; sourceTree = BUILT_PRODUCTS_DIR; };
		6278DBED2162D66300D75581 /* cmu_shareUITests.swift */ = {isa = PBXFileReference; lastKnownFileType = sourcecode.swift; path = cmu_shareUITests.swift; sourceTree = "<group>"; };
		6278DBEF2162D66300D75581 /* Info.plist */ = {isa = PBXFileReference; lastKnownFileType = text.plist.xml; path = Info.plist; sourceTree = "<group>"; };
		6299AB40216964C700749972 /* RealtimeDBViewController.swift */ = {isa = PBXFileReference; lastKnownFileType = sourcecode.swift; path = RealtimeDBViewController.swift; sourceTree = "<group>"; };
		62A62A732176AEA90080227B /* FeedTableViewCell.swift */ = {isa = PBXFileReference; lastKnownFileType = sourcecode.swift; path = FeedTableViewCell.swift; sourceTree = "<group>"; };
		62A62A742176AEA90080227B /* FeedTableViewCell.xib */ = {isa = PBXFileReference; lastKnownFileType = file.xib; path = FeedTableViewCell.xib; sourceTree = "<group>"; };
		62C49E01216971C50063E091 /* Order.swift */ = {isa = PBXFileReference; lastKnownFileType = sourcecode.swift; path = Order.swift; sourceTree = "<group>"; };
		62C49E032169735D0063E091 /* RealtimeDBTableViewCell.swift */ = {isa = PBXFileReference; lastKnownFileType = sourcecode.swift; path = RealtimeDBTableViewCell.swift; sourceTree = "<group>"; };
		62F1C682217CF65C001FEBD3 /* JoinOrder.swift */ = {isa = PBXFileReference; lastKnownFileType = sourcecode.swift; path = JoinOrder.swift; sourceTree = "<group>"; };
		9D716C97DE0387DBD18136BB /* Pods-cmu-share.release.xcconfig */ = {isa = PBXFileReference; includeInIndex = 1; lastKnownFileType = text.xcconfig; name = "Pods-cmu-share.release.xcconfig"; path = "Pods/Target Support Files/Pods-cmu-share/Pods-cmu-share.release.xcconfig"; sourceTree = "<group>"; };
		CAF6DF4B1F1CAE128C63D163 /* Pods-cmu-shareTests.release.xcconfig */ = {isa = PBXFileReference; includeInIndex = 1; lastKnownFileType = text.xcconfig; name = "Pods-cmu-shareTests.release.xcconfig"; path = "Pods/Target Support Files/Pods-cmu-shareTests/Pods-cmu-shareTests.release.xcconfig"; sourceTree = "<group>"; };
		D17C3B1CB143D87A3C640C9A /* Pods_cmu_shareTests.framework */ = {isa = PBXFileReference; explicitFileType = wrapper.framework; includeInIndex = 0; path = Pods_cmu_shareTests.framework; sourceTree = BUILT_PRODUCTS_DIR; };
		DA53E02BE005B2E68B0E766E /* Pods-cmu-shareUITests.release.xcconfig */ = {isa = PBXFileReference; includeInIndex = 1; lastKnownFileType = text.xcconfig; name = "Pods-cmu-shareUITests.release.xcconfig"; path = "Pods/Target Support Files/Pods-cmu-shareUITests/Pods-cmu-shareUITests.release.xcconfig"; sourceTree = "<group>"; };
		FE8BE2AD0FD42BF23B33DB27 /* Pods-cmu-shareTests.debug.xcconfig */ = {isa = PBXFileReference; includeInIndex = 1; lastKnownFileType = text.xcconfig; name = "Pods-cmu-shareTests.debug.xcconfig"; path = "Pods/Target Support Files/Pods-cmu-shareTests/Pods-cmu-shareTests.debug.xcconfig"; sourceTree = "<group>"; };
		FF6C2B54F76C4A55F9E08439 /* Pods_cmu_shareUITests.framework */ = {isa = PBXFileReference; explicitFileType = wrapper.framework; includeInIndex = 0; path = Pods_cmu_shareUITests.framework; sourceTree = BUILT_PRODUCTS_DIR; };
/* End PBXFileReference section */

/* Begin PBXFrameworksBuildPhase section */
		6278DBC72162D66200D75581 /* Frameworks */ = {
			isa = PBXFrameworksBuildPhase;
			buildActionMask = 2147483647;
			files = (
				3C6827DEE052EE21508D45BA /* Pods_cmu_share.framework in Frameworks */,
			);
			runOnlyForDeploymentPostprocessing = 0;
		};
		6278DBDB2162D66300D75581 /* Frameworks */ = {
			isa = PBXFrameworksBuildPhase;
			buildActionMask = 2147483647;
			files = (
				4701E7CACCB94B0ECB93929D /* Pods_cmu_shareTests.framework in Frameworks */,
			);
			runOnlyForDeploymentPostprocessing = 0;
		};
		6278DBE62162D66300D75581 /* Frameworks */ = {
			isa = PBXFrameworksBuildPhase;
			buildActionMask = 2147483647;
			files = (
				52868DB9DA50BE761E84528C /* Pods_cmu_shareUITests.framework in Frameworks */,
			);
			runOnlyForDeploymentPostprocessing = 0;
		};
/* End PBXFrameworksBuildPhase section */

/* Begin PBXGroup section */
		3D6E55D85E321B52FA671F36 /* Frameworks */ = {
			isa = PBXGroup;
			children = (
				60EA678F1FD8696F207DB899 /* Pods_cmu_share.framework */,
				D17C3B1CB143D87A3C640C9A /* Pods_cmu_shareTests.framework */,
				FF6C2B54F76C4A55F9E08439 /* Pods_cmu_shareUITests.framework */,
			);
			name = Frameworks;
			sourceTree = "<group>";
		};
		6278DBC12162D66200D75581 = {
			isa = PBXGroup;
			children = (
				6278DBCC2162D66200D75581 /* cmu-share */,
				6278DBE12162D66300D75581 /* cmu-shareTests */,
				6278DBEC2162D66300D75581 /* cmu-shareUITests */,
				6278DBCB2162D66200D75581 /* Products */,
				8C8687F0574B60F823A5A9BB /* Pods */,
				3D6E55D85E321B52FA671F36 /* Frameworks */,
			);
			sourceTree = "<group>";
		};
		6278DBCB2162D66200D75581 /* Products */ = {
			isa = PBXGroup;
			children = (
				6278DBCA2162D66200D75581 /* cmu-share.app */,
				6278DBDE2162D66300D75581 /* cmu-shareTests.xctest */,
				6278DBE92162D66300D75581 /* cmu-shareUITests.xctest */,
			);
			name = Products;
			sourceTree = "<group>";
		};
		6278DBCC2162D66200D75581 /* cmu-share */ = {
			isa = PBXGroup;
			children = (
				62A62A722176AE900080227B /* Cells */,
				62C49E00216971980063E091 /* model */,
				6299AB3F2169649E00749972 /* RealtimeDB */,
				623C6E3D21656CA90099C1F9 /* GoogleService-Info.plist */,
				6278DBCD2162D66200D75581 /* AppDelegate.swift */,
				6278DBCF2162D66200D75581 /* ViewController.swift */,
				52380208216559EB00F15C44 /* signUpController.swift */,
				6278DBD12162D66200D75581 /* Main.storyboard */,
				52DC3EF021740AFF00DF8D1A /* feedController.swift */,
				52DC3EEC217407C800DF8D1A /* createOrderController.swift */,
				52D185E5217E97C1000894B9 /* OrderDetailController.swift */,
				31186E3121797FE700EE9027 /* joinOrderController.swift */,
				526B5E93216D572E004B6DD4 /* profileController.swift */,
				52A2D90B217C021A00176A65 /* OrdersController.swift */,
				6278DBD42162D66300D75581 /* Assets.xcassets */,
				6278DBD62162D66300D75581 /* LaunchScreen.storyboard */,
				6278DBD92162D66300D75581 /* Info.plist */,
			);
			path = "cmu-share";
			sourceTree = "<group>";
		};
		6278DBE12162D66300D75581 /* cmu-shareTests */ = {
			isa = PBXGroup;
			children = (
				6278DBE22162D66300D75581 /* cmu_shareTests.swift */,
				6278DBE42162D66300D75581 /* Info.plist */,
			);
			path = "cmu-shareTests";
			sourceTree = "<group>";
		};
		6278DBEC2162D66300D75581 /* cmu-shareUITests */ = {
			isa = PBXGroup;
			children = (
				6278DBED2162D66300D75581 /* cmu_shareUITests.swift */,
				6278DBEF2162D66300D75581 /* Info.plist */,
			);
			path = "cmu-shareUITests";
			sourceTree = "<group>";
		};
		6299AB3F2169649E00749972 /* RealtimeDB */ = {
			isa = PBXGroup;
			children = (
				6299AB40216964C700749972 /* RealtimeDBViewController.swift */,
				62C49E032169735D0063E091 /* RealtimeDBTableViewCell.swift */,
			);
			path = RealtimeDB;
			sourceTree = "<group>";
		};
		62A62A722176AE900080227B /* Cells */ = {
			isa = PBXGroup;
			children = (
				62A62A732176AEA90080227B /* FeedTableViewCell.swift */,
				62A62A742176AEA90080227B /* FeedTableViewCell.xib */,
				52A2D903217BFCE700176A65 /* CreateTableViewCell.swift */,
				52A2D905217BFCE700176A65 /* CreateTableViewCell.xib */,
				52A2D904217BFCE700176A65 /* JoinTableViewCell.swift */,
				52A2D906217BFCE700176A65 /* JoinTableViewCell.xib */,
			);
			path = Cells;
			sourceTree = "<group>";
		};
		62C49E00216971980063E091 /* model */ = {
			isa = PBXGroup;
			children = (
				62C49E01216971C50063E091 /* Order.swift */,
				5210C1DC217424660028AC81 /* User.swift */,
				62F1C682217CF65C001FEBD3 /* JoinOrder.swift */,
			);
			path = model;
			sourceTree = "<group>";
		};
		8C8687F0574B60F823A5A9BB /* Pods */ = {
			isa = PBXGroup;
			children = (
				50A392C103AC9ECB6E1588B3 /* Pods-cmu-share.debug.xcconfig */,
				9D716C97DE0387DBD18136BB /* Pods-cmu-share.release.xcconfig */,
				FE8BE2AD0FD42BF23B33DB27 /* Pods-cmu-shareTests.debug.xcconfig */,
				CAF6DF4B1F1CAE128C63D163 /* Pods-cmu-shareTests.release.xcconfig */,
				18903EA2711F0BA9929BC929 /* Pods-cmu-shareUITests.debug.xcconfig */,
				DA53E02BE005B2E68B0E766E /* Pods-cmu-shareUITests.release.xcconfig */,
			);
			name = Pods;
			sourceTree = "<group>";
		};
/* End PBXGroup section */

/* Begin PBXNativeTarget section */
		6278DBC92162D66200D75581 /* cmu-share */ = {
			isa = PBXNativeTarget;
			buildConfigurationList = 6278DBF22162D66300D75581 /* Build configuration list for PBXNativeTarget "cmu-share" */;
			buildPhases = (
				78A99135DB8D0C493E3E362A /* [CP] Check Pods Manifest.lock */,
				6278DBC62162D66200D75581 /* Sources */,
				6278DBC72162D66200D75581 /* Frameworks */,
				6278DBC82162D66200D75581 /* Resources */,
				EF3A0833CAE75AAEC5C56C82 /* [CP] Embed Pods Frameworks */,
			);
			buildRules = (
			);
			dependencies = (
			);
			name = "cmu-share";
			productName = "cmu-share";
			productReference = 6278DBCA2162D66200D75581 /* cmu-share.app */;
			productType = "com.apple.product-type.application";
		};
		6278DBDD2162D66300D75581 /* cmu-shareTests */ = {
			isa = PBXNativeTarget;
			buildConfigurationList = 6278DBF52162D66300D75581 /* Build configuration list for PBXNativeTarget "cmu-shareTests" */;
			buildPhases = (
				891397A4417A45536368487A /* [CP] Check Pods Manifest.lock */,
				6278DBDA2162D66300D75581 /* Sources */,
				6278DBDB2162D66300D75581 /* Frameworks */,
				6278DBDC2162D66300D75581 /* Resources */,
			);
			buildRules = (
			);
			dependencies = (
				6278DBE02162D66300D75581 /* PBXTargetDependency */,
			);
			name = "cmu-shareTests";
			productName = "cmu-shareTests";
			productReference = 6278DBDE2162D66300D75581 /* cmu-shareTests.xctest */;
			productType = "com.apple.product-type.bundle.unit-test";
		};
		6278DBE82162D66300D75581 /* cmu-shareUITests */ = {
			isa = PBXNativeTarget;
			buildConfigurationList = 6278DBF82162D66300D75581 /* Build configuration list for PBXNativeTarget "cmu-shareUITests" */;
			buildPhases = (
				98E28DD96BD330347FE88C02 /* [CP] Check Pods Manifest.lock */,
				6278DBE52162D66300D75581 /* Sources */,
				6278DBE62162D66300D75581 /* Frameworks */,
				6278DBE72162D66300D75581 /* Resources */,
			);
			buildRules = (
			);
			dependencies = (
				6278DBEB2162D66300D75581 /* PBXTargetDependency */,
			);
			name = "cmu-shareUITests";
			productName = "cmu-shareUITests";
			productReference = 6278DBE92162D66300D75581 /* cmu-shareUITests.xctest */;
			productType = "com.apple.product-type.bundle.ui-testing";
		};
/* End PBXNativeTarget section */

/* Begin PBXProject section */
		6278DBC22162D66200D75581 /* Project object */ = {
			isa = PBXProject;
			attributes = {
				LastSwiftUpdateCheck = 1000;
				LastUpgradeCheck = 1000;
				ORGANIZATIONNAME = "Pattarasai Markpeng";
				TargetAttributes = {
					6278DBC92162D66200D75581 = {
						CreatedOnToolsVersion = 10.0;
					};
					6278DBDD2162D66300D75581 = {
						CreatedOnToolsVersion = 10.0;
						TestTargetID = 6278DBC92162D66200D75581;
					};
					6278DBE82162D66300D75581 = {
						CreatedOnToolsVersion = 10.0;
						TestTargetID = 6278DBC92162D66200D75581;
					};
				};
			};
			buildConfigurationList = 6278DBC52162D66200D75581 /* Build configuration list for PBXProject "cmu-share" */;
			compatibilityVersion = "Xcode 9.3";
			developmentRegion = en;
			hasScannedForEncodings = 0;
			knownRegions = (
				en,
				Base,
			);
			mainGroup = 6278DBC12162D66200D75581;
			productRefGroup = 6278DBCB2162D66200D75581 /* Products */;
			projectDirPath = "";
			projectRoot = "";
			targets = (
				6278DBC92162D66200D75581 /* cmu-share */,
				6278DBDD2162D66300D75581 /* cmu-shareTests */,
				6278DBE82162D66300D75581 /* cmu-shareUITests */,
			);
		};
/* End PBXProject section */

/* Begin PBXResourcesBuildPhase section */
		6278DBC82162D66200D75581 /* Resources */ = {
			isa = PBXResourcesBuildPhase;
			buildActionMask = 2147483647;
			files = (
				6278DBD82162D66300D75581 /* LaunchScreen.storyboard in Resources */,
				62A62A762176AEA90080227B /* FeedTableViewCell.xib in Resources */,
				623C6E3E21656CA90099C1F9 /* GoogleService-Info.plist in Resources */,
				6278DBD52162D66300D75581 /* Assets.xcassets in Resources */,
				6278DBD32162D66200D75581 /* Main.storyboard in Resources */,
				52A2D90A217BFCE700176A65 /* JoinTableViewCell.xib in Resources */,
				52A2D909217BFCE700176A65 /* CreateTableViewCell.xib in Resources */,
			);
			runOnlyForDeploymentPostprocessing = 0;
		};
		6278DBDC2162D66300D75581 /* Resources */ = {
			isa = PBXResourcesBuildPhase;
			buildActionMask = 2147483647;
			files = (
			);
			runOnlyForDeploymentPostprocessing = 0;
		};
		6278DBE72162D66300D75581 /* Resources */ = {
			isa = PBXResourcesBuildPhase;
			buildActionMask = 2147483647;
			files = (
			);
			runOnlyForDeploymentPostprocessing = 0;
		};
/* End PBXResourcesBuildPhase section */

/* Begin PBXShellScriptBuildPhase section */
		78A99135DB8D0C493E3E362A /* [CP] Check Pods Manifest.lock */ = {
			isa = PBXShellScriptBuildPhase;
			buildActionMask = 2147483647;
			files = (
			);
			inputFileListPaths = (
			);
			inputPaths = (
				"${PODS_PODFILE_DIR_PATH}/Podfile.lock",
				"${PODS_ROOT}/Manifest.lock",
			);
			name = "[CP] Check Pods Manifest.lock";
			outputFileListPaths = (
			);
			outputPaths = (
				"$(DERIVED_FILE_DIR)/Pods-cmu-share-checkManifestLockResult.txt",
			);
			runOnlyForDeploymentPostprocessing = 0;
			shellPath = /bin/sh;
			shellScript = "diff \"${PODS_PODFILE_DIR_PATH}/Podfile.lock\" \"${PODS_ROOT}/Manifest.lock\" > /dev/null\nif [ $? != 0 ] ; then\n    # print error to STDERR\n    echo \"error: The sandbox is not in sync with the Podfile.lock. Run 'pod install' or update your CocoaPods installation.\" >&2\n    exit 1\nfi\n# This output is used by Xcode 'outputs' to avoid re-running this script phase.\necho \"SUCCESS\" > \"${SCRIPT_OUTPUT_FILE_0}\"\n";
			showEnvVarsInLog = 0;
		};
		891397A4417A45536368487A /* [CP] Check Pods Manifest.lock */ = {
			isa = PBXShellScriptBuildPhase;
			buildActionMask = 2147483647;
			files = (
			);
			inputFileListPaths = (
			);
			inputPaths = (
				"${PODS_PODFILE_DIR_PATH}/Podfile.lock",
				"${PODS_ROOT}/Manifest.lock",
			);
			name = "[CP] Check Pods Manifest.lock";
			outputFileListPaths = (
			);
			outputPaths = (
				"$(DERIVED_FILE_DIR)/Pods-cmu-shareTests-checkManifestLockResult.txt",
			);
			runOnlyForDeploymentPostprocessing = 0;
			shellPath = /bin/sh;
			shellScript = "diff \"${PODS_PODFILE_DIR_PATH}/Podfile.lock\" \"${PODS_ROOT}/Manifest.lock\" > /dev/null\nif [ $? != 0 ] ; then\n    # print error to STDERR\n    echo \"error: The sandbox is not in sync with the Podfile.lock. Run 'pod install' or update your CocoaPods installation.\" >&2\n    exit 1\nfi\n# This output is used by Xcode 'outputs' to avoid re-running this script phase.\necho \"SUCCESS\" > \"${SCRIPT_OUTPUT_FILE_0}\"\n";
			showEnvVarsInLog = 0;
		};
		98E28DD96BD330347FE88C02 /* [CP] Check Pods Manifest.lock */ = {
			isa = PBXShellScriptBuildPhase;
			buildActionMask = 2147483647;
			files = (
			);
			inputFileListPaths = (
			);
			inputPaths = (
				"${PODS_PODFILE_DIR_PATH}/Podfile.lock",
				"${PODS_ROOT}/Manifest.lock",
			);
			name = "[CP] Check Pods Manifest.lock";
			outputFileListPaths = (
			);
			outputPaths = (
				"$(DERIVED_FILE_DIR)/Pods-cmu-shareUITests-checkManifestLockResult.txt",
			);
			runOnlyForDeploymentPostprocessing = 0;
			shellPath = /bin/sh;
			shellScript = "diff \"${PODS_PODFILE_DIR_PATH}/Podfile.lock\" \"${PODS_ROOT}/Manifest.lock\" > /dev/null\nif [ $? != 0 ] ; then\n    # print error to STDERR\n    echo \"error: The sandbox is not in sync with the Podfile.lock. Run 'pod install' or update your CocoaPods installation.\" >&2\n    exit 1\nfi\n# This output is used by Xcode 'outputs' to avoid re-running this script phase.\necho \"SUCCESS\" > \"${SCRIPT_OUTPUT_FILE_0}\"\n";
			showEnvVarsInLog = 0;
		};
		EF3A0833CAE75AAEC5C56C82 /* [CP] Embed Pods Frameworks */ = {
			isa = PBXShellScriptBuildPhase;
			buildActionMask = 2147483647;
			files = (
			);
			inputFileListPaths = (
			);
			inputPaths = (
				"${SRCROOT}/Pods/Target Support Files/Pods-cmu-share/Pods-cmu-share-frameworks.sh",
				"${BUILT_PRODUCTS_DIR}/GTMSessionFetcher/GTMSessionFetcher.framework",
				"${BUILT_PRODUCTS_DIR}/GoogleUtilities/GoogleUtilities.framework",
				"${BUILT_PRODUCTS_DIR}/leveldb-library/leveldb.framework",
				"${BUILT_PRODUCTS_DIR}/nanopb/nanopb.framework",
			);
			name = "[CP] Embed Pods Frameworks";
			outputFileListPaths = (
			);
			outputPaths = (
				"${TARGET_BUILD_DIR}/${FRAMEWORKS_FOLDER_PATH}/GTMSessionFetcher.framework",
				"${TARGET_BUILD_DIR}/${FRAMEWORKS_FOLDER_PATH}/GoogleUtilities.framework",
				"${TARGET_BUILD_DIR}/${FRAMEWORKS_FOLDER_PATH}/leveldb.framework",
				"${TARGET_BUILD_DIR}/${FRAMEWORKS_FOLDER_PATH}/nanopb.framework",
			);
			runOnlyForDeploymentPostprocessing = 0;
			shellPath = /bin/sh;
			shellScript = "\"${SRCROOT}/Pods/Target Support Files/Pods-cmu-share/Pods-cmu-share-frameworks.sh\"\n";
			showEnvVarsInLog = 0;
		};
/* End PBXShellScriptBuildPhase section */

/* Begin PBXSourcesBuildPhase section */
		6278DBC62162D66200D75581 /* Sources */ = {
			isa = PBXSourcesBuildPhase;
			buildActionMask = 2147483647;
			files = (
				52A2D907217BFCE700176A65 /* CreateTableViewCell.swift in Sources */,
				31186E3221797FE700EE9027 /* joinOrderController.swift in Sources */,
				52D185E6217E97C1000894B9 /* OrderDetailController.swift in Sources */,
				52DC3EF121740AFF00DF8D1A /* feedController.swift in Sources */,
				62C49E02216971C50063E091 /* Order.swift in Sources */,
				52A2D90C217C021A00176A65 /* OrdersController.swift in Sources */,
				6278DBD02162D66200D75581 /* ViewController.swift in Sources */,
				52A2D908217BFCE700176A65 /* JoinTableViewCell.swift in Sources */,
				62F1C683217CF65C001FEBD3 /* JoinOrder.swift in Sources */,
				52DC3EED217407C800DF8D1A /* createOrderController.swift in Sources */,
				62A62A752176AEA90080227B /* FeedTableViewCell.swift in Sources */,
				6299AB41216964C700749972 /* RealtimeDBViewController.swift in Sources */,
				6278DBCE2162D66200D75581 /* AppDelegate.swift in Sources */,
				526B5E94216D572E004B6DD4 /* profileController.swift in Sources */,
				52380209216559EB00F15C44 /* signUpController.swift in Sources */,
				5210C1DD217424660028AC81 /* User.swift in Sources */,
				62C49E042169735D0063E091 /* RealtimeDBTableViewCell.swift in Sources */,
			);
			runOnlyForDeploymentPostprocessing = 0;
		};
		6278DBDA2162D66300D75581 /* Sources */ = {
			isa = PBXSourcesBuildPhase;
			buildActionMask = 2147483647;
			files = (
				6278DBE32162D66300D75581 /* cmu_shareTests.swift in Sources */,
			);
			runOnlyForDeploymentPostprocessing = 0;
		};
		6278DBE52162D66300D75581 /* Sources */ = {
			isa = PBXSourcesBuildPhase;
			buildActionMask = 2147483647;
			files = (
				6278DBEE2162D66300D75581 /* cmu_shareUITests.swift in Sources */,
			);
			runOnlyForDeploymentPostprocessing = 0;
		};
/* End PBXSourcesBuildPhase section */

/* Begin PBXTargetDependency section */
		6278DBE02162D66300D75581 /* PBXTargetDependency */ = {
			isa = PBXTargetDependency;
			target = 6278DBC92162D66200D75581 /* cmu-share */;
			targetProxy = 6278DBDF2162D66300D75581 /* PBXContainerItemProxy */;
		};
		6278DBEB2162D66300D75581 /* PBXTargetDependency */ = {
			isa = PBXTargetDependency;
			target = 6278DBC92162D66200D75581 /* cmu-share */;
			targetProxy = 6278DBEA2162D66300D75581 /* PBXContainerItemProxy */;
		};
/* End PBXTargetDependency section */

/* Begin PBXVariantGroup section */
		6278DBD12162D66200D75581 /* Main.storyboard */ = {
			isa = PBXVariantGroup;
			children = (
				6278DBD22162D66200D75581 /* Base */,
			);
			name = Main.storyboard;
			sourceTree = "<group>";
		};
		6278DBD62162D66300D75581 /* LaunchScreen.storyboard */ = {
			isa = PBXVariantGroup;
			children = (
				6278DBD72162D66300D75581 /* Base */,
			);
			name = LaunchScreen.storyboard;
			sourceTree = "<group>";
		};
/* End PBXVariantGroup section */

/* Begin XCBuildConfiguration section */
		6278DBF02162D66300D75581 /* Debug */ = {
			isa = XCBuildConfiguration;
			buildSettings = {
				ALWAYS_SEARCH_USER_PATHS = NO;
				CLANG_ANALYZER_NONNULL = YES;
				CLANG_ANALYZER_NUMBER_OBJECT_CONVERSION = YES_AGGRESSIVE;
				CLANG_CXX_LANGUAGE_STANDARD = "gnu++14";
				CLANG_CXX_LIBRARY = "libc++";
				CLANG_ENABLE_MODULES = YES;
				CLANG_ENABLE_OBJC_ARC = YES;
				CLANG_ENABLE_OBJC_WEAK = YES;
				CLANG_WARN_BLOCK_CAPTURE_AUTORELEASING = YES;
				CLANG_WARN_BOOL_CONVERSION = YES;
				CLANG_WARN_COMMA = YES;
				CLANG_WARN_CONSTANT_CONVERSION = YES;
				CLANG_WARN_DEPRECATED_OBJC_IMPLEMENTATIONS = YES;
				CLANG_WARN_DIRECT_OBJC_ISA_USAGE = YES_ERROR;
				CLANG_WARN_DOCUMENTATION_COMMENTS = YES;
				CLANG_WARN_EMPTY_BODY = YES;
				CLANG_WARN_ENUM_CONVERSION = YES;
				CLANG_WARN_INFINITE_RECURSION = YES;
				CLANG_WARN_INT_CONVERSION = YES;
				CLANG_WARN_NON_LITERAL_NULL_CONVERSION = YES;
				CLANG_WARN_OBJC_IMPLICIT_RETAIN_SELF = YES;
				CLANG_WARN_OBJC_LITERAL_CONVERSION = YES;
				CLANG_WARN_OBJC_ROOT_CLASS = YES_ERROR;
				CLANG_WARN_RANGE_LOOP_ANALYSIS = YES;
				CLANG_WARN_STRICT_PROTOTYPES = YES;
				CLANG_WARN_SUSPICIOUS_MOVE = YES;
				CLANG_WARN_UNGUARDED_AVAILABILITY = YES_AGGRESSIVE;
				CLANG_WARN_UNREACHABLE_CODE = YES;
				CLANG_WARN__DUPLICATE_METHOD_MATCH = YES;
				CODE_SIGN_IDENTITY = "iPhone Developer";
				COPY_PHASE_STRIP = NO;
				DEBUG_INFORMATION_FORMAT = dwarf;
				ENABLE_STRICT_OBJC_MSGSEND = YES;
				ENABLE_TESTABILITY = YES;
				GCC_C_LANGUAGE_STANDARD = gnu11;
				GCC_DYNAMIC_NO_PIC = NO;
				GCC_NO_COMMON_BLOCKS = YES;
				GCC_OPTIMIZATION_LEVEL = 0;
				GCC_PREPROCESSOR_DEFINITIONS = (
					"DEBUG=1",
					"$(inherited)",
				);
				GCC_WARN_64_TO_32_BIT_CONVERSION = YES;
				GCC_WARN_ABOUT_RETURN_TYPE = YES_ERROR;
				GCC_WARN_UNDECLARED_SELECTOR = YES;
				GCC_WARN_UNINITIALIZED_AUTOS = YES_AGGRESSIVE;
				GCC_WARN_UNUSED_FUNCTION = YES;
				GCC_WARN_UNUSED_VARIABLE = YES;
				IPHONEOS_DEPLOYMENT_TARGET = 12.0;
				MTL_ENABLE_DEBUG_INFO = INCLUDE_SOURCE;
				MTL_FAST_MATH = YES;
				ONLY_ACTIVE_ARCH = YES;
				SDKROOT = iphoneos;
				SWIFT_ACTIVE_COMPILATION_CONDITIONS = DEBUG;
				SWIFT_OPTIMIZATION_LEVEL = "-Onone";
			};
			name = Debug;
		};
		6278DBF12162D66300D75581 /* Release */ = {
			isa = XCBuildConfiguration;
			buildSettings = {
				ALWAYS_SEARCH_USER_PATHS = NO;
				CLANG_ANALYZER_NONNULL = YES;
				CLANG_ANALYZER_NUMBER_OBJECT_CONVERSION = YES_AGGRESSIVE;
				CLANG_CXX_LANGUAGE_STANDARD = "gnu++14";
				CLANG_CXX_LIBRARY = "libc++";
				CLANG_ENABLE_MODULES = YES;
				CLANG_ENABLE_OBJC_ARC = YES;
				CLANG_ENABLE_OBJC_WEAK = YES;
				CLANG_WARN_BLOCK_CAPTURE_AUTORELEASING = YES;
				CLANG_WARN_BOOL_CONVERSION = YES;
				CLANG_WARN_COMMA = YES;
				CLANG_WARN_CONSTANT_CONVERSION = YES;
				CLANG_WARN_DEPRECATED_OBJC_IMPLEMENTATIONS = YES;
				CLANG_WARN_DIRECT_OBJC_ISA_USAGE = YES_ERROR;
				CLANG_WARN_DOCUMENTATION_COMMENTS = YES;
				CLANG_WARN_EMPTY_BODY = YES;
				CLANG_WARN_ENUM_CONVERSION = YES;
				CLANG_WARN_INFINITE_RECURSION = YES;
				CLANG_WARN_INT_CONVERSION = YES;
				CLANG_WARN_NON_LITERAL_NULL_CONVERSION = YES;
				CLANG_WARN_OBJC_IMPLICIT_RETAIN_SELF = YES;
				CLANG_WARN_OBJC_LITERAL_CONVERSION = YES;
				CLANG_WARN_OBJC_ROOT_CLASS = YES_ERROR;
				CLANG_WARN_RANGE_LOOP_ANALYSIS = YES;
				CLANG_WARN_STRICT_PROTOTYPES = YES;
				CLANG_WARN_SUSPICIOUS_MOVE = YES;
				CLANG_WARN_UNGUARDED_AVAILABILITY = YES_AGGRESSIVE;
				CLANG_WARN_UNREACHABLE_CODE = YES;
				CLANG_WARN__DUPLICATE_METHOD_MATCH = YES;
				CODE_SIGN_IDENTITY = "iPhone Developer";
				COPY_PHASE_STRIP = NO;
				DEBUG_INFORMATION_FORMAT = "dwarf-with-dsym";
				ENABLE_NS_ASSERTIONS = NO;
				ENABLE_STRICT_OBJC_MSGSEND = YES;
				GCC_C_LANGUAGE_STANDARD = gnu11;
				GCC_NO_COMMON_BLOCKS = YES;
				GCC_WARN_64_TO_32_BIT_CONVERSION = YES;
				GCC_WARN_ABOUT_RETURN_TYPE = YES_ERROR;
				GCC_WARN_UNDECLARED_SELECTOR = YES;
				GCC_WARN_UNINITIALIZED_AUTOS = YES_AGGRESSIVE;
				GCC_WARN_UNUSED_FUNCTION = YES;
				GCC_WARN_UNUSED_VARIABLE = YES;
				IPHONEOS_DEPLOYMENT_TARGET = 12.0;
				MTL_ENABLE_DEBUG_INFO = NO;
				MTL_FAST_MATH = YES;
				SDKROOT = iphoneos;
				SWIFT_COMPILATION_MODE = wholemodule;
				SWIFT_OPTIMIZATION_LEVEL = "-O";
				VALIDATE_PRODUCT = YES;
			};
			name = Release;
		};
		6278DBF32162D66300D75581 /* Debug */ = {
			isa = XCBuildConfiguration;
			baseConfigurationReference = 50A392C103AC9ECB6E1588B3 /* Pods-cmu-share.debug.xcconfig */;
			buildSettings = {
				ASSETCATALOG_COMPILER_APPICON_NAME = AppIcon;
				CODE_SIGN_STYLE = Automatic;
				DEVELOPMENT_TEAM = "";
				INFOPLIST_FILE = "cmu-share/Info.plist";
				LD_RUNPATH_SEARCH_PATHS = (
					"$(inherited)",
					"@executable_path/Frameworks",
				);
				PRODUCT_BUNDLE_IDENTIFIER = "pattarasai.cmu.cmu-share";
				PRODUCT_NAME = "$(TARGET_NAME)";
				SWIFT_VERSION = 4.2;
				TARGETED_DEVICE_FAMILY = "1,2";
			};
			name = Debug;
		};
		6278DBF42162D66300D75581 /* Release */ = {
			isa = XCBuildConfiguration;
			baseConfigurationReference = 9D716C97DE0387DBD18136BB /* Pods-cmu-share.release.xcconfig */;
			buildSettings = {
				ASSETCATALOG_COMPILER_APPICON_NAME = AppIcon;
				CODE_SIGN_STYLE = Automatic;
				DEVELOPMENT_TEAM = "";
				INFOPLIST_FILE = "cmu-share/Info.plist";
				LD_RUNPATH_SEARCH_PATHS = (
					"$(inherited)",
					"@executable_path/Frameworks",
				);
				PRODUCT_BUNDLE_IDENTIFIER = "pattarasai.cmu.cmu-share";
				PRODUCT_NAME = "$(TARGET_NAME)";
				SWIFT_VERSION = 4.2;
				TARGETED_DEVICE_FAMILY = "1,2";
			};
			name = Release;
		};
		6278DBF62162D66300D75581 /* Debug */ = {
			isa = XCBuildConfiguration;
			baseConfigurationReference = FE8BE2AD0FD42BF23B33DB27 /* Pods-cmu-shareTests.debug.xcconfig */;
			buildSettings = {
				ALWAYS_EMBED_SWIFT_STANDARD_LIBRARIES = YES;
				BUNDLE_LOADER = "$(TEST_HOST)";
				CODE_SIGN_STYLE = Automatic;
				DEVELOPMENT_TEAM = 49XU34WH7L;
				INFOPLIST_FILE = "cmu-shareTests/Info.plist";
				LD_RUNPATH_SEARCH_PATHS = (
					"$(inherited)",
					"@executable_path/Frameworks",
					"@loader_path/Frameworks",
				);
				PRODUCT_BUNDLE_IDENTIFIER = "pattarasai.cmu.cmu-shareTests";
				PRODUCT_NAME = "$(TARGET_NAME)";
				SWIFT_VERSION = 4.2;
				TARGETED_DEVICE_FAMILY = "1,2";
				TEST_HOST = "$(BUILT_PRODUCTS_DIR)/cmu-share.app/cmu-share";
			};
			name = Debug;
		};
		6278DBF72162D66300D75581 /* Release */ = {
			isa = XCBuildConfiguration;
			baseConfigurationReference = CAF6DF4B1F1CAE128C63D163 /* Pods-cmu-shareTests.release.xcconfig */;
			buildSettings = {
				ALWAYS_EMBED_SWIFT_STANDARD_LIBRARIES = YES;
				BUNDLE_LOADER = "$(TEST_HOST)";
				CODE_SIGN_STYLE = Automatic;
				DEVELOPMENT_TEAM = 49XU34WH7L;
				INFOPLIST_FILE = "cmu-shareTests/Info.plist";
				LD_RUNPATH_SEARCH_PATHS = (
					"$(inherited)",
					"@executable_path/Frameworks",
					"@loader_path/Frameworks",
				);
				PRODUCT_BUNDLE_IDENTIFIER = "pattarasai.cmu.cmu-shareTests";
				PRODUCT_NAME = "$(TARGET_NAME)";
				SWIFT_VERSION = 4.2;
				TARGETED_DEVICE_FAMILY = "1,2";
				TEST_HOST = "$(BUILT_PRODUCTS_DIR)/cmu-share.app/cmu-share";
			};
			name = Release;
		};
		6278DBF92162D66300D75581 /* Debug */ = {
			isa = XCBuildConfiguration;
			baseConfigurationReference = 18903EA2711F0BA9929BC929 /* Pods-cmu-shareUITests.debug.xcconfig */;
			buildSettings = {
				ALWAYS_EMBED_SWIFT_STANDARD_LIBRARIES = YES;
				CODE_SIGN_STYLE = Automatic;
				DEVELOPMENT_TEAM = 49XU34WH7L;
				INFOPLIST_FILE = "cmu-shareUITests/Info.plist";
				LD_RUNPATH_SEARCH_PATHS = (
					"$(inherited)",
					"@executable_path/Frameworks",
					"@loader_path/Frameworks",
				);
				PRODUCT_BUNDLE_IDENTIFIER = "pattarasai.cmu.cmu-shareUITests";
				PRODUCT_NAME = "$(TARGET_NAME)";
				SWIFT_VERSION = 4.2;
				TARGETED_DEVICE_FAMILY = "1,2";
				TEST_TARGET_NAME = "cmu-share";
			};
			name = Debug;
		};
		6278DBFA2162D66300D75581 /* Release */ = {
			isa = XCBuildConfiguration;
			baseConfigurationReference = DA53E02BE005B2E68B0E766E /* Pods-cmu-shareUITests.release.xcconfig */;
			buildSettings = {
				ALWAYS_EMBED_SWIFT_STANDARD_LIBRARIES = YES;
				CODE_SIGN_STYLE = Automatic;
				DEVELOPMENT_TEAM = 49XU34WH7L;
				INFOPLIST_FILE = "cmu-shareUITests/Info.plist";
				LD_RUNPATH_SEARCH_PATHS = (
					"$(inherited)",
					"@executable_path/Frameworks",
					"@loader_path/Frameworks",
				);
				PRODUCT_BUNDLE_IDENTIFIER = "pattarasai.cmu.cmu-shareUITests";
				PRODUCT_NAME = "$(TARGET_NAME)";
				SWIFT_VERSION = 4.2;
				TARGETED_DEVICE_FAMILY = "1,2";
				TEST_TARGET_NAME = "cmu-share";
			};
			name = Release;
		};
/* End XCBuildConfiguration section */

/* Begin XCConfigurationList section */
		6278DBC52162D66200D75581 /* Build configuration list for PBXProject "cmu-share" */ = {
			isa = XCConfigurationList;
			buildConfigurations = (
				6278DBF02162D66300D75581 /* Debug */,
				6278DBF12162D66300D75581 /* Release */,
			);
			defaultConfigurationIsVisible = 0;
			defaultConfigurationName = Release;
		};
		6278DBF22162D66300D75581 /* Build configuration list for PBXNativeTarget "cmu-share" */ = {
			isa = XCConfigurationList;
			buildConfigurations = (
				6278DBF32162D66300D75581 /* Debug */,
				6278DBF42162D66300D75581 /* Release */,
			);
			defaultConfigurationIsVisible = 0;
			defaultConfigurationName = Release;
		};
		6278DBF52162D66300D75581 /* Build configuration list for PBXNativeTarget "cmu-shareTests" */ = {
			isa = XCConfigurationList;
			buildConfigurations = (
				6278DBF62162D66300D75581 /* Debug */,
				6278DBF72162D66300D75581 /* Release */,
			);
			defaultConfigurationIsVisible = 0;
			defaultConfigurationName = Release;
		};
		6278DBF82162D66300D75581 /* Build configuration list for PBXNativeTarget "cmu-shareUITests" */ = {
			isa = XCConfigurationList;
			buildConfigurations = (
				6278DBF92162D66300D75581 /* Debug */,
				6278DBFA2162D66300D75581 /* Release */,
			);
			defaultConfigurationIsVisible = 0;
			defaultConfigurationName = Release;
		};
/* End XCConfigurationList section */
	};
	rootObject = 6278DBC22162D66200D75581 /* Project object */;
}
